
Microsoft Visual Studio Solution File, Format Version 12.00
# Visual Studio Version 17
VisualStudioVersion = 17.9.34728.123
MinimumVisualStudioVersion = 10.0.40219.1
Project("{FAE04EC0-301F-11D3-BF4B-00C04F79EFBC}") = "AAPM.SS.2024-CodeFlows", "AAPM.SS.2024-CodeFlows.csproj", "{E36BA240-4A31-40EA-B7BD-028BF960436E}"
EndProject
Global
	GlobalSection(SolutionConfigurationPlatforms) = preSolution
		Debug|Any CPU = Debug|Any CPU
		Release|Any CPU = Release|Any CPU
	EndGlobalSection
	GlobalSection(ProjectConfigurationPlatforms) = postSolution
		{E36BA240-4A31-40EA-B7BD-028BF960436E}.Debug|Any CPU.ActiveCfg = Debug|Any CPU
		{E36BA240-4A31-40EA-B7BD-028BF960436E}.Debug|Any CPU.Build.0 = Debug|Any CPU
		{E36BA240-4A31-40EA-B7BD-028BF960436E}.Release|Any CPU.ActiveCfg = Release|Any CPU
		{E36BA240-4A31-40EA-B7BD-028BF960436E}.Release|Any CPU.Build.0 = Release|Any CPU
	EndGlobalSection
	GlobalSection(SolutionProperties) = preSolution
		HideSolutionNode = FALSE
	EndGlobalSection
	GlobalSection(ExtensibilityGlobals) = postSolution
		SolutionGuid = {84F08016-5599-4EF3-8DCF-0B6F471912E9}
	EndGlobalSection
EndGlobal
